Microsoft Visual Studio Solution File, Format Version 12.00
# Visual Studio Version 17
VisualStudioVersion = 17.5.2.0
MinimumVisualStudioVersion = 10.0.40219.1
Project("{FAE04EC0-301F-11D3-BF4B-00C04F79EFBC}") = "RestaurantProject", "RestaurantProject.csproj", "{77888AF1-E5F2-D44F-3EB5-CCBB7806E0FC}"
EndProject
Global
	GlobalSection(SolutionConfigurationPlatforms) = preSolution
		Debug|Any CPU = Debug|Any CPU
		Release|Any CPU = Release|Any CPU
	EndGlobalSection
	GlobalSection(ProjectConfigurationPlatforms) = postSolution
		{77888AF1-E5F2-D44F-3EB5-CCBB7806E0FC}.Debug|Any CPU.ActiveCfg = Debug|Any CPU
		{77888AF1-E5F2-D44F-3EB5-CCBB7806E0FC}.Debug|Any CPU.Build.0 = Debug|Any CPU
		{77888AF1-E5F2-D44F-3EB5-CCBB7806E0FC}.Release|Any CPU.ActiveCfg = Release|Any CPU
		{77888AF1-E5F2-D44F-3EB5-CCBB7806E0FC}.Release|Any CPU.Build.0 = Release|Any CPU
	EndGlobalSection
	GlobalSection(SolutionProperties) = preSolution
		HideSolutionNode = FALSE
	EndGlobalSection
	GlobalSection(ExtensibilityGlobals) = postSolution
		SolutionGuid = {4D56E258-155E-484D-9BFC-952437BE6AE3}
	EndGlobalSection
EndGlobal
